{
  "name": "testing",
  "version": "1.0.4",
  "lockfileVersion": 2,
  "requires": true,
  "packages": {
    "": {
      "name": "testing",
      "version": "1.0.4",
      "license": "ISC",
      "dependencies": {
        "delivery-nodejs-sdk": "^1.0.3"
      }
    },
    "node_modules/@types/crypto-js": {
      "version": "4.1.1",
      "resolved": "https://registry.npmjs.org/@types/crypto-js/-/crypto-js-4.1.1.tgz",
      "integrity": "sha512-BG7fQKZ689HIoc5h+6D2Dgq1fABRa0RbBWKBd9SP/MVRVXROflpm5fhwyATX5duFmbStzyzyycPB8qUYKDH3NA=="
    },
    "node_modules/crypto-js": {
      "version": "4.1.1",
      "resolved": "https://registry.npmjs.org/crypto-js/-/crypto-js-4.1.1.tgz",
      "integrity": "sha512-o2JlM7ydqd3Qk9CA0L4NL6mTzU2sdx96a+oOfPu8Mkl/PK51vSyoi8/rQ8NknZtk44vq15lmhAj9CIAGwgeWKw=="
    },
    "node_modules/delivery-nodejs-sdk": {
      "version": "1.0.3",
      "resolved": "https://registry.npmjs.org/delivery-nodejs-sdk/-/delivery-nodejs-sdk-1.0.3.tgz",
      "integrity": "sha512-EAwC5xRxd1aF82Cy68DAOI96FbmfSDird8PPIrp5aO08irnmB7xoy7RqyHYpocFOnllOWaNcePhocsXYnpfS9A==",
      "dependencies": {
        "@types/crypto-js": "^4.1.1",
        "crypto-js": "^4.1.1"
      }
    }
  },
  "dependencies": {
    "@types/crypto-js": {
      "version": "4.1.1",
      "resolved": "https://registry.npmjs.org/@types/crypto-js/-/crypto-js-4.1.1.tgz",
      "integrity": "sha512-BG7fQKZ689HIoc5h+6D2Dgq1fABRa0RbBWKBd9SP/MVRVXROflpm5fhwyATX5duFmbStzyzyycPB8qUYKDH3NA=="
    },
    "crypto-js": {
      "version": "4.1.1",
      "resolved": "https://registry.npmjs.org/crypto-js/-/crypto-js-4.1.1.tgz",
      "integrity": "sha512-o2JlM7ydqd3Qk9CA0L4NL6mTzU2sdx96a+oOfPu8Mkl/PK51vSyoi8/rQ8NknZtk44vq15lmhAj9CIAGwgeWKw=="
    },
    "delivery-nodejs-sdk": {
      "version": "1.0.3",
      "resolved": "https://registry.npmjs.org/delivery-nodejs-sdk/-/delivery-nodejs-sdk-1.0.3.tgz",
      "integrity": "sha512-EAwC5xRxd1aF82Cy68DAOI96FbmfSDird8PPIrp5aO08irnmB7xoy7RqyHYpocFOnllOWaNcePhocsXYnpfS9A==",
      "requires": {
        "@types/crypto-js": "^4.1.1",
        "crypto-js": "^4.1.1"
      }
    }
  }
}
